
Microsoft Visual Studio Solution File, Format Version 12.00
# Visual Studio Version 16
VisualStudioVersion = 16.0.30611.23
MinimumVisualStudioVersion = 10.0.40219.1
Project("{FAE04EC0-301F-11D3-BF4B-00C04F79EFBC}") = "Area", "Area\Area.csproj", "{DC2C8146-8DC5-49C9-AE21-46FE9567449D}"
EndProject
Global
	GlobalSection(SolutionConfigurationPlatforms) = preSolution
		Debug|Any CPU = Debug|Any CPU
		Release|Any CPU = Release|Any CPU
	EndGlobalSection
	GlobalSection(ProjectConfigurationPlatforms) = postSolution
		{DC2C8146-8DC5-49C9-AE21-46FE9567449D}.Debug|Any CPU.ActiveCfg = Debug|Any CPU
		{DC2C8146-8DC5-49C9-AE21-46FE9567449D}.Debug|Any CPU.Build.0 = Debug|Any CPU
		{DC2C8146-8DC5-49C9-AE21-46FE9567449D}.Release|Any CPU.ActiveCfg = Release|Any CPU
		{DC2C8146-8DC5-49C9-AE21-46FE9567449D}.Release|Any CPU.Build.0 = Release|Any CPU
	EndGlobalSection
	GlobalSection(SolutionProperties) = preSolution
		HideSolutionNode = FALSE
	EndGlobalSection
	GlobalSection(ExtensibilityGlobals) = postSolution
		SolutionGuid = {CBFE5B9D-CD13-4F03-87A6-DCE3BDA77B4D}
	EndGlobalSection
EndGlobal
